
Microsoft Visual Studio Solution File, Format Version 12.00
# Visual Studio Version 17
VisualStudioVersion = 17.10.35122.118
MinimumVisualStudioVersion = 10.0.40219.1
Project("{FAE04EC0-301F-11D3-BF4B-00C04F79EFBC}") = "TechnicalAxos_CarlosLuevano", "TechnicalAxos_CarlosLuevano\TechnicalAxos_CarlosLuevano.csproj", "{2FD6D9FE-B882-4087-A56D-808B5AE56FF6}"
EndProject
Project("{2150E333-8FDC-42A3-9474-1A3956D46DE8}") = "src", "src", "{EECAD1B6-297D-41D0-8C28-6BC32E13E2FD}"
EndProject
Project("{2150E333-8FDC-42A3-9474-1A3956D46DE8}") = "tests", "tests", "{317EBB2D-DFD8-430D-9182-219D04FCD704}"
EndProject
Project("{FAE04EC0-301F-11D3-BF4B-00C04F79EFBC}") = "UnitTests", "UnitTests\UnitTests.csproj", "{0DE9796C-C348-4277-880C-A42370568EAA}"
EndProject
Global
	GlobalSection(SolutionConfigurationPlatforms) = preSolution
		Debug|Any CPU = Debug|Any CPU
		Release|Any CPU = Release|Any CPU
	EndGlobalSection
	GlobalSection(ProjectConfigurationPlatforms) = postSolution
		{2FD6D9FE-B882-4087-A56D-808B5AE56FF6}.Debug|Any CPU.ActiveCfg = Debug|Any CPU
		{2FD6D9FE-B882-4087-A56D-808B5AE56FF6}.Debug|Any CPU.Build.0 = Debug|Any CPU
		{2FD6D9FE-B882-4087-A56D-808B5AE56FF6}.Debug|Any CPU.Deploy.0 = Debug|Any CPU
		{2FD6D9FE-B882-4087-A56D-808B5AE56FF6}.Release|Any CPU.ActiveCfg = Release|Any CPU
		{2FD6D9FE-B882-4087-A56D-808B5AE56FF6}.Release|Any CPU.Build.0 = Release|Any CPU
		{2FD6D9FE-B882-4087-A56D-808B5AE56FF6}.Release|Any CPU.Deploy.0 = Release|Any CPU
		{0DE9796C-C348-4277-880C-A42370568EAA}.Debug|Any CPU.ActiveCfg = Debug|Any CPU
		{0DE9796C-C348-4277-880C-A42370568EAA}.Debug|Any CPU.Build.0 = Debug|Any CPU
		{0DE9796C-C348-4277-880C-A42370568EAA}.Release|Any CPU.ActiveCfg = Release|Any CPU
		{0DE9796C-C348-4277-880C-A42370568EAA}.Release|Any CPU.Build.0 = Release|Any CPU
	EndGlobalSection
	GlobalSection(SolutionProperties) = preSolution
		HideSolutionNode = FALSE
	EndGlobalSection
	GlobalSection(NestedProjects) = preSolution
		{2FD6D9FE-B882-4087-A56D-808B5AE56FF6} = {EECAD1B6-297D-41D0-8C28-6BC32E13E2FD}
		{0DE9796C-C348-4277-880C-A42370568EAA} = {317EBB2D-DFD8-430D-9182-219D04FCD704}
	EndGlobalSection
	GlobalSection(ExtensibilityGlobals) = postSolution
		SolutionGuid = {BF4F60D3-D07B-45D0-94D1-0A3CF0B1986F}
	EndGlobalSection
EndGlobal
